
Microsoft Visual Studio Solution File, Format Version 12.00
# Visual Studio Version 16
VisualStudioVersion = 16.0.30011.22
MinimumVisualStudioVersion = 10.0.40219.1
Project("{888888A0-9F3D-457C-B088-3A5042F75D52}") = "grocery-delivery", "grocery-delivery.pyproj", "{F6C10D9E-0C93-4DD3-A73F-174C94D3610B}"
EndProject
Global
	GlobalSection(SolutionConfigurationPlatforms) = preSolution
		Debug|Any CPU = Debug|Any CPU
		Release|Any CPU = Release|Any CPU
	EndGlobalSection
	GlobalSection(ProjectConfigurationPlatforms) = postSolution
		{F6C10D9E-0C93-4DD3-A73F-174C94D3610B}.Debug|Any CPU.ActiveCfg = Debug|Any CPU
		{F6C10D9E-0C93-4DD3-A73F-174C94D3610B}.Release|Any CPU.ActiveCfg = Release|Any CPU
	EndGlobalSection
	GlobalSection(SolutionProperties) = preSolution
		HideSolutionNode = FALSE
	EndGlobalSection
	GlobalSection(ExtensibilityGlobals) = postSolution
		SolutionGuid = {0038E885-102E-432A-90B6-1F6AFA51AE68}
	EndGlobalSection
EndGlobal
